
Microsoft Visual Studio Solution File, Format Version 12.00
# Visual Studio Version 17
VisualStudioVersion = 17.11.35222.181
MinimumVisualStudioVersion = 10.0.40219.1
Project("{FAE04EC0-301F-11D3-BF4B-00C04F79EFBC}") = "WinFormsProduct", "WinFormsProduct\WinFormsProduct.csproj", "{ACAB4F0D-D02C-463B-B799-52F88425FA57}"
EndProject
Global
	GlobalSection(SolutionConfigurationPlatforms) = preSolution
		Debug|Any CPU = Debug|Any CPU
		Release|Any CPU = Release|Any CPU
	EndGlobalSection
	GlobalSection(ProjectConfigurationPlatforms) = postSolution
		{ACAB4F0D-D02C-463B-B799-52F88425FA57}.Debug|Any CPU.ActiveCfg = Debug|Any CPU
		{ACAB4F0D-D02C-463B-B799-52F88425FA57}.Debug|Any CPU.Build.0 = Debug|Any CPU
		{ACAB4F0D-D02C-463B-B799-52F88425FA57}.Release|Any CPU.ActiveCfg = Release|Any CPU
		{ACAB4F0D-D02C-463B-B799-52F88425FA57}.Release|Any CPU.Build.0 = Release|Any CPU
	EndGlobalSection
	GlobalSection(SolutionProperties) = preSolution
		HideSolutionNode = FALSE
	EndGlobalSection
	GlobalSection(ExtensibilityGlobals) = postSolution
		SolutionGuid = {7DC3C8BD-9A3F-4A49-8524-0B17DBA3CFA3}
	EndGlobalSection
EndGlobal
